lockfileVersion: '9.0'

settings:
  autoInstallPeers: true
  excludeLinksFromLockfile: false

overrides:
  '@modelcontextprotocol/sdk': 1.26.0
  braces: ^3.0.3
  flatted: 3.4.2
  glob@10.4.5: 10.5.0
  handlebars: 4.7.9
  micromatch: ^4.0.8
  minimatch@3.1.2: 3.1.4
  minimatch@9.0.5: 9.0.7
  path-to-regexp: 8.4.0
  picomatch@2.3.1: 2.3.2
  picomatch@4.0.3: 4.0.4
  rollup: 4.59.0
  semver: ^7.7.1

importers:

  .:
    devDependencies:
      prettier:
        specifier: ^3.5.3
        version: 3.5.3

  codex-cli: {}

  codex-rs/responses-api-proxy/npm: {}

packages:

  prettier@3.5.3:
    resolution: {integrity: sha512-QQtaxnoDJeAkDvDKWCLiwIXkTgRhwYDEQCghU9Z6q03iyek/rxRh/2lC3HB7P8sWT2xC/y5JDctPLBIGzHKbhw==}
    engines: {node: '>=14'}
    hasBin: true

snapshots:

  prettier@3.5.3: {}
